
Microsoft Visual Studio Solution File, Format Version 12.00
# Visual Studio 15
VisualStudioVersion = 15.0.27428.2005
MinimumVisualStudioVersion = 10.0.40219.1
Project("{FAE04EC0-301F-11D3-BF4B-00C04F79EFBC}") = "Payment.Android", "Payment\Payment.Android\Payment.Android.csproj", "{6AD29026-E57D-4F51-98D3-77FEC3797302}"
EndProject
Project("{FAE04EC0-301F-11D3-BF4B-00C04F79EFBC}") = "Payment.iOS", "Payment\Payment.iOS\Payment.iOS.csproj", "{CA5E3FA4-C359-444C-B52A-A2DA547F42ED}"
EndProject
Project("{FAE04EC0-301F-11D3-BF4B-00C04F79EFBC}") = "Payment.UWP", "Payment\Payment.UWP\Payment.UWP.csproj", "{8915D885-AFF6-43F3-8F80-938B51212A5A}"
EndProject
Project("{FAE04EC0-301F-11D3-BF4B-00C04F79EFBC}") = "Payment", "Payment\Payment\Payment.csproj", "{17CFEDA8-494C-47AB-A5AE-7E14EEBDF736}"
EndProject
Global
	GlobalSection(SolutionConfigurationPlatforms) = preSolution
		Ad-Hoc|Any CPU = Ad-Hoc|Any CPU
		Ad-Hoc|ARM = Ad-Hoc|ARM
		Ad-Hoc|iPhone = Ad-Hoc|iPhone
		Ad-Hoc|iPhoneSimulator = Ad-Hoc|iPhoneSimulator
		Ad-Hoc|x64 = Ad-Hoc|x64
		Ad-Hoc|x86 = Ad-Hoc|x86
		AppStore|Any CPU = AppStore|Any CPU
		AppStore|ARM = AppStore|ARM
		AppStore|iPhone = AppStore|iPhone
		AppStore|iPhoneSimulator = AppStore|iPhoneSimulator
		AppStore|x64 = AppStore|x64
		AppStore|x86 = AppStore|x86
		Debug|Any CPU = Debug|Any CPU
		Debug|ARM = Debug|ARM
		Debug|iPhone = Debug|iPhone
		Debug|iPhoneSimulator = Debug|iPhoneSimulator
		Debug|x64 = Debug|x64
		Debug|x86 = Debug|x86
		Release|Any CPU = Release|Any CPU
		Release|ARM = Release|ARM
		Release|iPhone = Release|iPhone
		Release|iPhoneSimulator = Release|iPhoneSimulator
		Release|x64 = Release|x64
		Release|x86 = Release|x86
	EndGlobalSection
	GlobalSection(ProjectConfigurationPlatforms) = postSolution
		{6AD29026-E57D-4F51-98D3-77FEC3797302}.Ad-Hoc|Any CPU.ActiveCfg = Release|Any CPU
		{6AD29026-E57D-4F51-98D3-77FEC3797302}.Ad-Hoc|Any CPU.Build.0 = Release|Any CPU
		{6AD29026-E57D-4F51-98D3-77FEC3797302}.Ad-Hoc|Any CPU.Deploy.0 = Release|Any CPU
		{6AD29026-E57D-4F51-98D3-77FEC3797302}.Ad-Hoc|ARM.ActiveCfg = Release|Any CPU
		{6AD29026-E57D-4F51-98D3-77FEC3797302}.Ad-Hoc|ARM.Build.0 = Release|Any CPU
		{6AD29026-E57D-4F51-98D3-77FEC3797302}.Ad-Hoc|ARM.Deploy.0 = Release|Any CPU
		{6AD29026-E57D-4F51-98D3-77FEC3797302}.Ad-Hoc|iPhone.ActiveCfg = Release|Any CPU
		{6AD29026-E57D-4F51-98D3-77FEC3797302}.Ad-Hoc|iPhone.Build.0 = Release|Any CPU
		{6AD29026-E57D-4F51-98D3-77FEC3797302}.Ad-Hoc|iPhone.Deploy.0 = Release|Any CPU
		{6AD29026-E57D-4F51-98D3-77FEC3797302}.Ad-Hoc|iPhoneSimulator.ActiveCfg = Release|Any CPU
		{6AD29026-E57D-4F51-98D3-77FEC3797302}.Ad-Hoc|iPhoneSimulator.Build.0 = Release|Any CPU
		{6AD29026-E57D-4F51-98D3-77FEC3797302}.Ad-Hoc|iPhoneSimulator.Deploy.0 = Release|Any CPU
		{6AD29026-E57D-4F51-98D3-77FEC3797302}.Ad-Hoc|x64.ActiveCfg = Release|Any CPU
		{6AD29026-E57D-4F51-98D3-77FEC3797302}.Ad-Hoc|x64.Build.0 = Release|Any CPU
		{6AD29026-E57D-4F51-98D3-77FEC3797302}.Ad-Hoc|x64.Deploy.0 = Release|Any CPU
		{6AD29026-E57D-4F51-98D3-77FEC3797302}.Ad-Hoc|x86.ActiveCfg = Release|Any CPU
		{6AD29026-E57D-4F51-98D3-77FEC3797302}.Ad-Hoc|x86.Build.0 = Release|Any CPU
		{6AD29026-E57D-4F51-98D3-77FEC3797302}.Ad-Hoc|x86.Deploy.0 = Release|Any CPU
		{6AD29026-E57D-4F51-98D3-77FEC3797302}.AppStore|Any CPU.ActiveCfg = Release|Any CPU
		{6AD29026-E57D-4F51-98D3-77FEC3797302}.AppStore|Any CPU.Build.0 = Release|Any CPU
		{6AD29026-E57D-4F51-98D3-77FEC3797302}.AppStore|Any CPU.Deploy.0 = Release|Any CPU
		{6AD29026-E57D-4F51-98D3-77FEC3797302}.AppStore|ARM.ActiveCfg = Release|Any CPU
		{6AD29026-E57D-4F51-98D3-77FEC3797302}.AppStore|ARM.Build.0 = Release|Any CPU
		{6AD29026-E57D-4F51-98D3-77FEC3797302}.AppStore|ARM.Deploy.0 = Release|Any CPU
		{6AD29026-E57D-4F51-98D3-77FEC3797302}.AppStore|iPhone.ActiveCfg = Release|Any CPU
		{6AD29026-E57D-4F51-98D3-77FEC3797302}.AppStore|iPhone.Build.0 = Release|Any CPU
		{6AD29026-E57D-4F51-98D3-77FEC3797302}.AppStore|iPhone.Deploy.0 = Release|Any CPU
		{6AD29026-E57D-4F51-98D3-77FEC3797302}.AppStore|iPhoneSimulator.ActiveCfg = Release|Any CPU
		{6AD29026-E57D-4F51-98D3-77FEC3797302}.AppStore|iPhoneSimulator.Build.0 = Release|Any CPU
		{6AD29026-E57D-4F51-98D3-77FEC3797302}.AppStore|iPhoneSimulator.Deploy.0 = Release|Any CPU
		{6AD29026-E57D-4F51-98D3-77FEC3797302}.AppStore|x64.ActiveCfg = Release|Any CPU
		{6AD29026-E57D-4F51-98D3-77FEC3797302}.AppStore|x64.Build.0 = Release|Any CPU
		{6AD29026-E57D-4F51-98D3-77FEC3797302}.AppStore|x64.Deploy.0 = Release|Any CPU
		{6AD29026-E57D-4F51-98D3-77FEC3797302}.AppStore|x86.ActiveCfg = Release|Any CPU
		{6AD29026-E57D-4F51-98D3-77FEC3797302}.AppStore|x86.Build.0 = Release|Any CPU
		{6AD29026-E57D-4F51-98D3-77FEC3797302}.AppStore|x86.Deploy.0 = Release|Any CPU
		{6AD29026-E57D-4F51-98D3-77FEC3797302}.Debug|Any CPU.ActiveCfg = Debug|Any CPU
		{6AD29026-E57D-4F51-98D3-77FEC3797302}.Debug|Any CPU.Build.0 = Debug|Any CPU
		{6AD29026-E57D-4F51-98D3-77FEC3797302}.Debug|Any CPU.Deploy.0 = Debug|Any CPU
		{6AD29026-E57D-4F51-98D3-77FEC3797302}.Debug|ARM.ActiveCfg = Debug|Any CPU
		{6AD29026-E57D-4F51-98D3-77FEC3797302}.Debug|ARM.Build.0 = Debug|Any CPU
		{6AD29026-E57D-4F51-98D3-77FEC3797302}.Debug|ARM.Deploy.0 = Debug|Any CPU
		{6AD29026-E57D-4F51-98D3-77FEC3797302}.Debug|iPhone.ActiveCfg = Debug|Any CPU
		{6AD29026-E57D-4F51-98D3-77FEC3797302}.Debug|iPhone.Build.0 = Debug|Any CPU
		{6AD29026-E57D-4F51-98D3-77FEC3797302}.Debug|iPhone.Deploy.0 = Debug|Any CPU
		{6AD29026-E57D-4F51-98D3-77FEC3797302}.Debug|iPhoneSimulator.ActiveCfg = Debug|Any CPU
		{6AD29026-E57D-4F51-98D3-77FEC3797302}.Debug|iPhoneSimulator.Build.0 = Debug|Any CPU
		{6AD29026-E57D-4F51-98D3-77FEC3797302}.Debug|iPhoneSimulator.Deploy.0 = Debug|Any CPU
		{6AD29026-E57D-4F51-98D3-77FEC3797302}.Debug|x64.ActiveCfg = Debug|Any CPU
		{6AD29026-E57D-4F51-98D3-77FEC3797302}.Debug|x64.Build.0 = Debug|Any CPU
		{6AD29026-E57D-4F51-98D3-77FEC3797302}.Debug|x64.Deploy.0 = Debug|Any CPU
		{6AD29026-E57D-4F51-98D3-77FEC3797302}.Debug|x86.ActiveCfg = Debug|Any CPU
		{6AD29026-E57D-4F51-98D3-77FEC3797302}.Debug|x86.Build.0 = Debug|Any CPU
		{6AD29026-E57D-4F51-98D3-77FEC3797302}.Debug|x86.Deploy.0 = Debug|Any CPU
		{6AD29026-E57D-4F51-98D3-77FEC3797302}.Release|Any CPU.ActiveCfg = Release|Any CPU
		{6AD29026-E57D-4F51-98D3-77FEC3797302}.Release|Any CPU.Build.0 = Release|Any CPU
		{6AD29026-E57D-4F51-98D3-77FEC3797302}.Release|Any CPU.Deploy.0 = Release|Any CPU
		{6AD29026-E57D-4F51-98D3-77FEC3797302}.Release|ARM.ActiveCfg = Release|Any CPU
		{6AD29026-E57D-4F51-98D3-77FEC3797302}.Release|ARM.Build.0 = Release|Any CPU
		{6AD29026-E57D-4F51-98D3-77FEC3797302}.Release|ARM.Deploy.0 = Release|Any CPU
		{6AD29026-E57D-4F51-98D3-77FEC3797302}.Release|iPhone.ActiveCfg = Release|Any CPU
		{6AD29026-E57D-4F51-98D3-77FEC3797302}.Release|iPhone.Build.0 = Release|Any CPU
		{6AD29026-E57D-4F51-98D3-77FEC3797302}.Release|iPhone.Deploy.0 = Release|Any CPU
		{6AD29026-E57D-4F51-98D3-77FEC3797302}.Release|iPhoneSimulator.ActiveCfg = Release|Any CPU
		{6AD29026-E57D-4F51-98D3-77FEC3797302}.Release|iPhoneSimulator.Build.0 = Release|Any CPU
		{6AD29026-E57D-4F51-98D3-77FEC3797302}.Release|iPhoneSimulator.Deploy.0 = Release|Any CPU
		{6AD29026-E57D-4F51-98D3-77FEC3797302}.Release|x64.ActiveCfg = Release|Any CPU
		{6AD29026-E57D-4F51-98D3-77FEC3797302}.Release|x64.Build.0 = Release|Any CPU
		{6AD29026-E57D-4F51-98D3-77FEC3797302}.Release|x64.Deploy.0 = Release|Any CPU
		{6AD29026-E57D-4F51-98D3-77FEC3797302}.Release|x86.ActiveCfg = Release|Any CPU
		{6AD29026-E57D-4F51-98D3-77FEC3797302}.Release|x86.Build.0 = Release|Any CPU
		{6AD29026-E57D-4F51-98D3-77FEC3797302}.Release|x86.Deploy.0 = Release|Any CPU
		{CA5E3FA4-C359-444C-B52A-A2DA547F42ED}.Ad-Hoc|Any CPU.ActiveCfg = Ad-Hoc|iPhone
		{CA5E3FA4-C359-444C-B52A-A2DA547F42ED}.Ad-Hoc|ARM.ActiveCfg = Ad-Hoc|iPhone
		{CA5E3FA4-C359-444C-B52A-A2DA547F42ED}.Ad-Hoc|iPhone.ActiveCfg = Ad-Hoc|iPhone
		{CA5E3FA4-C359-444C-B52A-A2DA547F42ED}.Ad-Hoc|iPhone.Build.0 = Ad-Hoc|iPhone
		{CA5E3FA4-C359-444C-B52A-A2DA547F42ED}.Ad-Hoc|iPhoneSimulator.ActiveCfg = Ad-Hoc|iPhoneSimulator
		{CA5E3FA4-C359-444C-B52A-A2DA547F42ED}.Ad-Hoc|iPhoneSimulator.Build.0 = Ad-Hoc|iPhoneSimulator
		{CA5E3FA4-C359-444C-B52A-A2DA547F42ED}.Ad-Hoc|x64.ActiveCfg = Ad-Hoc|iPhone
		{CA5E3FA4-C359-444C-B52A-A2DA547F42ED}.Ad-Hoc|x86.ActiveCfg = Ad-Hoc|iPhone
		{CA5E3FA4-C359-444C-B52A-A2DA547F42ED}.AppStore|Any CPU.ActiveCfg = AppStore|iPhone
		{CA5E3FA4-C359-444C-B52A-A2DA547F42ED}.AppStore|ARM.ActiveCfg = AppStore|iPhone
		{CA5E3FA4-C359-444C-B52A-A2DA547F42ED}.AppStore|iPhone.ActiveCfg = AppStore|iPhone
		{CA5E3FA4-C359-444C-B52A-A2DA547F42ED}.AppStore|iPhone.Build.0 = AppStore|iPhone
		{CA5E3FA4-C359-444C-B52A-A2DA547F42ED}.AppStore|iPhoneSimulator.ActiveCfg = AppStore|iPhoneSimulator
		{CA5E3FA4-C359-444C-B52A-A2DA547F42ED}.AppStore|iPhoneSimulator.Build.0 = AppStore|iPhoneSimulator
		{CA5E3FA4-C359-444C-B52A-A2DA547F42ED}.AppStore|x64.ActiveCfg = AppStore|iPhone
		{CA5E3FA4-C359-444C-B52A-A2DA547F42ED}.AppStore|x86.ActiveCfg = AppStore|iPhone
		{CA5E3FA4-C359-444C-B52A-A2DA547F42ED}.Debug|Any CPU.ActiveCfg = Debug|iPhone
		{CA5E3FA4-C359-444C-B52A-A2DA547F42ED}.Debug|ARM.ActiveCfg = Debug|iPhone
		{CA5E3FA4-C359-444C-B52A-A2DA547F42ED}.Debug|iPhone.ActiveCfg = Debug|iPhone
		{CA5E3FA4-C359-444C-B52A-A2DA547F42ED}.Debug|iPhone.Build.0 = Debug|iPhone
		{CA5E3FA4-C359-444C-B52A-A2DA547F42ED}.Debug|iPhoneSimulator.ActiveCfg = Debug|iPhoneSimulator
		{CA5E3FA4-C359-444C-B52A-A2DA547F42ED}.Debug|iPhoneSimulator.Build.0 = Debug|iPhoneSimulator
		{CA5E3FA4-C359-444C-B52A-A2DA547F42ED}.Debug|x64.ActiveCfg = Debug|iPhone
		{CA5E3FA4-C359-444C-B52A-A2DA547F42ED}.Debug|x86.ActiveCfg = Debug|iPhone
		{CA5E3FA4-C359-444C-B52A-A2DA547F42ED}.Release|Any CPU.ActiveCfg = Release|iPhone
		{CA5E3FA4-C359-444C-B52A-A2DA547F42ED}.Release|ARM.ActiveCfg = Release|iPhone
		{CA5E3FA4-C359-444C-B52A-A2DA547F42ED}.Release|iPhone.ActiveCfg = Release|iPhone
		{CA5E3FA4-C359-444C-B52A-A2DA547F42ED}.Release|iPhone.Build.0 = Release|iPhone
		{CA5E3FA4-C359-444C-B52A-A2DA547F42ED}.Release|iPhoneSimulator.ActiveCfg = Release|iPhoneSimulator
		{CA5E3FA4-C359-444C-B52A-A2DA547F42ED}.Release|iPhoneSimulator.Build.0 = Release|iPhoneSimulator
		{CA5E3FA4-C359-444C-B52A-A2DA547F42ED}.Release|x64.ActiveCfg = Release|iPhone
		{CA5E3FA4-C359-444C-B52A-A2DA547F42ED}.Release|x86.ActiveCfg = Release|iPhone
		{8915D885-AFF6-43F3-8F80-938B51212A5A}.Ad-Hoc|Any CPU.ActiveCfg = Release|x86
		{8915D885-AFF6-43F3-8F80-938B51212A5A}.Ad-Hoc|Any CPU.Build.0 = Release|x86
		{8915D885-AFF6-43F3-8F80-938B51212A5A}.Ad-Hoc|Any CPU.Deploy.0 = Release|x86
		{8915D885-AFF6-43F3-8F80-938B51212A5A}.Ad-Hoc|ARM.ActiveCfg = Release|ARM
		{8915D885-AFF6-43F3-8F80-938B51212A5A}.Ad-Hoc|ARM.Build.0 = Release|ARM
		{8915D885-AFF6-43F3-8F80-938B51212A5A}.Ad-Hoc|ARM.Deploy.0 = Release|ARM
		{8915D885-AFF6-43F3-8F80-938B51212A5A}.Ad-Hoc|iPhone.ActiveCfg = Release|x86
		{8915D885-AFF6-43F3-8F80-938B51212A5A}.Ad-Hoc|iPhone.Build.0 = Release|x86
		{8915D885-AFF6-43F3-8F80-938B51212A5A}.Ad-Hoc|iPhone.Deploy.0 = Release|x86
		{8915D885-AFF6-43F3-8F80-938B51212A5A}.Ad-Hoc|iPhoneSimulator.ActiveCfg = Release|x86
		{8915D885-AFF6-43F3-8F80-938B51212A5A}.Ad-Hoc|iPhoneSimulator.Build.0 = Release|x86
		{8915D885-AFF6-43F3-8F80-938B51212A5A}.Ad-Hoc|iPhoneSimulator.Deploy.0 = Release|x86
		{8915D885-AFF6-43F3-8F80-938B51212A5A}.Ad-Hoc|x64.ActiveCfg = Release|x64
		{8915D885-AFF6-43F3-8F80-938B51212A5A}.Ad-Hoc|x64.Build.0 = Release|x64
		{8915D885-AFF6-43F3-8F80-938B51212A5A}.Ad-Hoc|x64.Deploy.0 = Release|x64
		{8915D885-AFF6-43F3-8F80-938B51212A5A}.Ad-Hoc|x86.ActiveCfg = Release|x86
		{8915D885-AFF6-43F3-8F80-938B51212A5A}.Ad-Hoc|x86.Build.0 = Release|x86
		{8915D885-AFF6-43F3-8F80-938B51212A5A}.Ad-Hoc|x86.Deploy.0 = Release|x86
		{8915D885-AFF6-43F3-8F80-938B51212A5A}.AppStore|Any CPU.ActiveCfg = Release|x86
		{8915D885-AFF6-43F3-8F80-938B51212A5A}.AppStore|Any CPU.Build.0 = Release|x86
		{8915D885-AFF6-43F3-8F80-938B51212A5A}.AppStore|Any CPU.Deploy.0 = Release|x86
		{8915D885-AFF6-43F3-8F80-938B51212A5A}.AppStore|ARM.ActiveCfg = Release|ARM
		{8915D885-AFF6-43F3-8F80-938B51212A5A}.AppStore|ARM.Build.0 = Release|ARM
		{8915D885-AFF6-43F3-8F80-938B51212A5A}.AppStore|ARM.Deploy.0 = Release|ARM
		{8915D885-AFF6-43F3-8F80-938B51212A5A}.AppStore|iPhone.ActiveCfg = Release|x86
		{8915D885-AFF6-43F3-8F80-938B51212A5A}.AppStore|iPhone.Build.0 = Release|x86
		{8915D885-AFF6-43F3-8F80-938B51212A5A}.AppStore|iPhone.Deploy.0 = Release|x86
		{8915D885-AFF6-43F3-8F80-938B51212A5A}.AppStore|iPhoneSimulator.ActiveCfg = Release|x86
		{8915D885-AFF6-43F3-8F80-938B51212A5A}.AppStore|iPhoneSimulator.Build.0 = Release|x86
		{8915D885-AFF6-43F3-8F80-938B51212A5A}.AppStore|iPhoneSimulator.Deploy.0 = Release|x86
		{8915D885-AFF6-43F3-8F80-938B51212A5A}.AppStore|x64.ActiveCfg = Release|x64
		{8915D885-AFF6-43F3-8F80-938B51212A5A}.AppStore|x64.Build.0 = Release|x64
		{8915D885-AFF6-43F3-8F80-938B51212A5A}.AppStore|x64.Deploy.0 = Release|x64
		{8915D885-AFF6-43F3-8F80-938B51212A5A}.AppStore|x86.ActiveCfg = Release|x86
		{8915D885-AFF6-43F3-8F80-938B51212A5A}.AppStore|x86.Build.0 = Release|x86
		{8915D885-AFF6-43F3-8F80-938B51212A5A}.AppStore|x86.Deploy.0 = Release|x86
		{8915D885-AFF6-43F3-8F80-938B51212A5A}.Debug|Any CPU.ActiveCfg = Debug|x86
		{8915D885-AFF6-43F3-8F80-938B51212A5A}.Debug|ARM.ActiveCfg = Debug|ARM
		{8915D885-AFF6-43F3-8F80-938B51212A5A}.Debug|ARM.Build.0 = Debug|ARM
		{8915D885-AFF6-43F3-8F80-938B51212A5A}.Debug|ARM.Deploy.0 = Debug|ARM
		{8915D885-AFF6-43F3-8F80-938B51212A5A}.Debug|iPhone.ActiveCfg = Debug|x86
		{8915D885-AFF6-43F3-8F80-938B51212A5A}.Debug|iPhoneSimulator.ActiveCfg = Debug|x86
		{8915D885-AFF6-43F3-8F80-938B51212A5A}.Debug|x64.ActiveCfg = Debug|x64
		{8915D885-AFF6-43F3-8F80-938B51212A5A}.Debug|x64.Build.0 = Debug|x64
		{8915D885-AFF6-43F3-8F80-938B51212A5A}.Debug|x64.Deploy.0 = Debug|x64
		{8915D885-AFF6-43F3-8F80-938B51212A5A}.Debug|x86.ActiveCfg = Debug|x86
		{8915D885-AFF6-43F3-8F80-938B51212A5A}.Debug|x86.Build.0 = Debug|x86
		{8915D885-AFF6-43F3-8F80-938B51212A5A}.Debug|x86.Deploy.0 = Debug|x86
		{8915D885-AFF6-43F3-8F80-938B51212A5A}.Release|Any CPU.ActiveCfg = Release|x86
		{8915D885-AFF6-43F3-8F80-938B51212A5A}.Release|ARM.ActiveCfg = Release|ARM
		{8915D885-AFF6-43F3-8F80-938B51212A5A}.Release|ARM.Build.0 = Release|ARM
		{8915D885-AFF6-43F3-8F80-938B51212A5A}.Release|ARM.Deploy.0 = Release|ARM
		{8915D885-AFF6-43F3-8F80-938B51212A5A}.Release|iPhone.ActiveCfg = Release|x86
		{8915D885-AFF6-43F3-8F80-938B51212A5A}.Release|iPhoneSimulator.ActiveCfg = Release|x86
		{8915D885-AFF6-43F3-8F80-938B51212A5A}.Release|x64.ActiveCfg = Release|x64
		{8915D885-AFF6-43F3-8F80-938B51212A5A}.Release|x64.Build.0 = Release|x64
		{8915D885-AFF6-43F3-8F80-938B51212A5A}.Release|x64.Deploy.0 = Release|x64
		{8915D885-AFF6-43F3-8F80-938B51212A5A}.Release|x86.ActiveCfg = Release|x86
		{8915D885-AFF6-43F3-8F80-938B51212A5A}.Release|x86.Build.0 = Release|x86
		{8915D885-AFF6-43F3-8F80-938B51212A5A}.Release|x86.Deploy.0 = Release|x86
		{17CFEDA8-494C-47AB-A5AE-7E14EEBDF736}.Ad-Hoc|Any CPU.ActiveCfg = Debug|Any CPU
		{17CFEDA8-494C-47AB-A5AE-7E14EEBDF736}.Ad-Hoc|Any CPU.Build.0 = Debug|Any CPU
		{17CFEDA8-494C-47AB-A5AE-7E14EEBDF736}.Ad-Hoc|ARM.ActiveCfg = Debug|Any CPU
		{17CFEDA8-494C-47AB-A5AE-7E14EEBDF736}.Ad-Hoc|ARM.Build.0 = Debug|Any CPU
		{17CFEDA8-494C-47AB-A5AE-7E14EEBDF736}.Ad-Hoc|iPhone.ActiveCfg = Debug|Any CPU
		{17CFEDA8-494C-47AB-A5AE-7E14EEBDF736}.Ad-Hoc|iPhone.Build.0 = Debug|Any CPU
		{17CFEDA8-494C-47AB-A5AE-7E14EEBDF736}.Ad-Hoc|iPhoneSimulator.ActiveCfg = Debug|Any CPU
		{17CFEDA8-494C-47AB-A5AE-7E14EEBDF736}.Ad-Hoc|iPhoneSimulator.Build.0 = Debug|Any CPU
		{17CFEDA8-494C-47AB-A5AE-7E14EEBDF736}.Ad-Hoc|x64.ActiveCfg = Debug|Any CPU
		{17CFEDA8-494C-47AB-A5AE-7E14EEBDF736}.Ad-Hoc|x64.Build.0 = Debug|Any CPU
		{17CFEDA8-494C-47AB-A5AE-7E14EEBDF736}.Ad-Hoc|x86.ActiveCfg = Debug|Any CPU
		{17CFEDA8-494C-47AB-A5AE-7E14EEBDF736}.Ad-Hoc|x86.Build.0 = Debug|Any CPU
		{17CFEDA8-494C-47AB-A5AE-7E14EEBDF736}.AppStore|Any CPU.ActiveCfg = Debug|Any CPU
		{17CFEDA8-494C-47AB-A5AE-7E14EEBDF736}.AppStore|Any CPU.Build.0 = Debug|Any CPU
		{17CFEDA8-494C-47AB-A5AE-7E14EEBDF736}.AppStore|ARM.ActiveCfg = Debug|Any CPU
		{17CFEDA8-494C-47AB-A5AE-7E14EEBDF736}.AppStore|ARM.Build.0 = Debug|Any CPU
		{17CFEDA8-494C-47AB-A5AE-7E14EEBDF736}.AppStore|iPhone.ActiveCfg = Debug|Any CPU
		{17CFEDA8-494C-47AB-A5AE-7E14EEBDF736}.AppStore|iPhone.Build.0 = Debug|Any CPU
		{17CFEDA8-494C-47AB-A5AE-7E14EEBDF736}.AppStore|iPhoneSimulator.ActiveCfg = Debug|Any CPU
		{17CFEDA8-494C-47AB-A5AE-7E14EEBDF736}.AppStore|iPhoneSimulator.Build.0 = Debug|Any CPU
		{17CFEDA8-494C-47AB-A5AE-7E14EEBDF736}.AppStore|x64.ActiveCfg = Debug|Any CPU
		{17CFEDA8-494C-47AB-A5AE-7E14EEBDF736}.AppStore|x64.Build.0 = Debug|Any CPU
		{17CFEDA8-494C-47AB-A5AE-7E14EEBDF736}.AppStore|x86.ActiveCfg = Debug|Any CPU
		{17CFEDA8-494C-47AB-A5AE-7E14EEBDF736}.AppStore|x86.Build.0 = Debug|Any CPU
		{17CFEDA8-494C-47AB-A5AE-7E14EEBDF736}.Debug|Any CPU.ActiveCfg = Debug|Any CPU
		{17CFEDA8-494C-47AB-A5AE-7E14EEBDF736}.Debug|Any CPU.Build.0 = Debug|Any CPU
		{17CFEDA8-494C-47AB-A5AE-7E14EEBDF736}.Debug|ARM.ActiveCfg = Debug|Any CPU
		{17CFEDA8-494C-47AB-A5AE-7E14EEBDF736}.Debug|ARM.Build.0 = Debug|Any CPU
		{17CFEDA8-494C-47AB-A5AE-7E14EEBDF736}.Debug|iPhone.ActiveCfg = Debug|Any CPU
		{17CFEDA8-494C-47AB-A5AE-7E14EEBDF736}.Debug|iPhone.Build.0 = Debug|Any CPU
		{17CFEDA8-494C-47AB-A5AE-7E14EEBDF736}.Debug|iPhoneSimulator.ActiveCfg = Debug|Any CPU
		{17CFEDA8-494C-47AB-A5AE-7E14EEBDF736}.Debug|iPhoneSimulator.Build.0 = Debug|Any CPU
		{17CFEDA8-494C-47AB-A5AE-7E14EEBDF736}.Debug|x64.ActiveCfg = Debug|Any CPU
		{17CFEDA8-494C-47AB-A5AE-7E14EEBDF736}.Debug|x64.Build.0 = Debug|Any CPU
		{17CFEDA8-494C-47AB-A5AE-7E14EEBDF736}.Debug|x86.ActiveCfg = Debug|Any CPU
		{17CFEDA8-494C-47AB-A5AE-7E14EEBDF736}.Debug|x86.Build.0 = Debug|Any CPU
		{17CFEDA8-494C-47AB-A5AE-7E14EEBDF736}.Release|Any CPU.ActiveCfg = Release|Any CPU
		{17CFEDA8-494C-47AB-A5AE-7E14EEBDF736}.Release|Any CPU.Build.0 = Release|Any CPU
		{17CFEDA8-494C-47AB-A5AE-7E14EEBDF736}.Release|ARM.ActiveCfg = Release|Any CPU
		{17CFEDA8-494C-47AB-A5AE-7E14EEBDF736}.Release|ARM.Build.0 = Release|Any CPU
		{17CFEDA8-494C-47AB-A5AE-7E14EEBDF736}.Release|iPhone.ActiveCfg = Release|Any CPU
		{17CFEDA8-494C-47AB-A5AE-7E14EEBDF736}.Release|iPhone.Build.0 = Release|Any CPU
		{17CFEDA8-494C-47AB-A5AE-7E14EEBDF736}.Release|iPhoneSimulator.ActiveCfg = Release|Any CPU
		{17CFEDA8-494C-47AB-A5AE-7E14EEBDF736}.Release|iPhoneSimulator.Build.0 = Release|Any CPU
		{17CFEDA8-494C-47AB-A5AE-7E14EEBDF736}.Release|x64.ActiveCfg = Release|Any CPU
		{17CFEDA8-494C-47AB-A5AE-7E14EEBDF736}.Release|x64.Build.0 = Release|Any CPU
		{17CFEDA8-494C-47AB-A5AE-7E14EEBDF736}.Release|x86.ActiveCfg = Release|Any CPU
		{17CFEDA8-494C-47AB-A5AE-7E14EEBDF736}.Release|x86.Build.0 = Release|Any CPU
	EndGlobalSection
	GlobalSection(SolutionProperties) = preSolution
		HideSolutionNode = FALSE
	EndGlobalSection
	GlobalSection(ExtensibilityGlobals) = postSolution
		SolutionGuid = {A3B133DD-0602-4276-B27C-C22BE65A9117}
	EndGlobalSection
EndGlobal
